
Microsoft Visual Studio Solution File, Format Version 12.00
# Visual Studio Version 17
VisualStudioVersion = 17.3.32922.545
MinimumVisualStudioVersion = 10.0.40219.1
Project("{FAE04EC0-301F-11D3-BF4B-00C04F79EFBC}") = "Biblioteca", "Biblioteca\Biblioteca.csproj", "{1ED3B677-6C2E-43E8-9D26-576F7CC43D19}"
EndProject
Project("{FAE04EC0-301F-11D3-BF4B-00C04F79EFBC}") = "dominio", "..\..\gitHub\Biblioteca-AS\dominio\dominio.csproj", "{03805625-9B05-4619-B867-7738F2F097E5}"
EndProject
Project("{FAE04EC0-301F-11D3-BF4B-00C04F79EFBC}") = "negocio", "..\..\gitHub\Biblioteca-AS\negocio\negocio.csproj", "{AB791ADF-1841-4049-B3F9-209B48F75380}"
EndProject
Global
	GlobalSection(SolutionConfigurationPlatforms) = preSolution
		Debug|Any CPU = Debug|Any CPU
		Release|Any CPU = Release|Any CPU
	EndGlobalSection
	GlobalSection(ProjectConfigurationPlatforms) = postSolution
		{1ED3B677-6C2E-43E8-9D26-576F7CC43D19}.Debug|Any CPU.ActiveCfg = Debug|Any CPU
		{1ED3B677-6C2E-43E8-9D26-576F7CC43D19}.Debug|Any CPU.Build.0 = Debug|Any CPU
		{1ED3B677-6C2E-43E8-9D26-576F7CC43D19}.Release|Any CPU.ActiveCfg = Release|Any CPU
		{1ED3B677-6C2E-43E8-9D26-576F7CC43D19}.Release|Any CPU.Build.0 = Release|Any CPU
		{03805625-9B05-4619-B867-7738F2F097E5}.Debug|Any CPU.ActiveCfg = Debug|Any CPU
		{03805625-9B05-4619-B867-7738F2F097E5}.Debug|Any CPU.Build.0 = Debug|Any CPU
		{03805625-9B05-4619-B867-7738F2F097E5}.Release|Any CPU.ActiveCfg = Release|Any CPU
		{03805625-9B05-4619-B867-7738F2F097E5}.Release|Any CPU.Build.0 = Release|Any CPU
		{AB791ADF-1841-4049-B3F9-209B48F75380}.Debug|Any CPU.ActiveCfg = Debug|Any CPU
		{AB791ADF-1841-4049-B3F9-209B48F75380}.Debug|Any CPU.Build.0 = Debug|Any CPU
		{AB791ADF-1841-4049-B3F9-209B48F75380}.Release|Any CPU.ActiveCfg = Release|Any CPU
		{AB791ADF-1841-4049-B3F9-209B48F75380}.Release|Any CPU.Build.0 = Release|Any CPU
	EndGlobalSection
	GlobalSection(SolutionProperties) = preSolution
		HideSolutionNode = FALSE
	EndGlobalSection
	GlobalSection(ExtensibilityGlobals) = postSolution
		SolutionGuid = {299E0A7D-1E12-444D-BC65-B38F45ED4CBC}
	EndGlobalSection
EndGlobal
